
Microsoft Visual Studio Solution File, Format Version 12.00
# Visual Studio 2013
VisualStudioVersion = 12.0.30501.0
MinimumVisualStudioVersion = 10.0.40219.1
Project("{FAE04EC0-301F-11D3-BF4B-00C04F79EFBC}") = "GestionEmpresas", "GestionEmpresas\GestionEmpresas.csproj", "{25559A55-B51E-42F1-8D63-5E8A6CB86DDE}"
	ProjectSection(ProjectDependencies) = postProject
		{08850F3B-D135-4E7C-8BD6-56FB182E5883} = {08850F3B-D135-4E7C-8BD6-56FB182E5883}
	EndProjectSection
EndProject
Project("{FAE04EC0-301F-11D3-BF4B-00C04F79EFBC}") = "ServicioGestion", "ServicioGestion\ServicioGestion.csproj", "{08850F3B-D135-4E7C-8BD6-56FB182E5883}"
EndProject
Project("{FAE04EC0-301F-11D3-BF4B-00C04F79EFBC}") = "ServiciosTest", "ServicioGestionTest\ServiciosTest.csproj", "{7EC0CEBF-3EAB-41C0-AAC7-444063FE5E87}"
EndProject
Global
	GlobalSection(SolutionConfigurationPlatforms) = preSolution
		Debug|Any CPU = Debug|Any CPU
		Release|Any CPU = Release|Any CPU
	EndGlobalSection
	GlobalSection(ProjectConfigurationPlatforms) = postSolution
		{25559A55-B51E-42F1-8D63-5E8A6CB86DDE}.Debug|Any CPU.ActiveCfg = Debug|Any CPU
		{25559A55-B51E-42F1-8D63-5E8A6CB86DDE}.Debug|Any CPU.Build.0 = Debug|Any CPU
		{25559A55-B51E-42F1-8D63-5E8A6CB86DDE}.Release|Any CPU.ActiveCfg = Release|Any CPU
		{25559A55-B51E-42F1-8D63-5E8A6CB86DDE}.Release|Any CPU.Build.0 = Release|Any CPU
		{08850F3B-D135-4E7C-8BD6-56FB182E5883}.Debug|Any CPU.ActiveCfg = Debug|Any CPU
		{08850F3B-D135-4E7C-8BD6-56FB182E5883}.Debug|Any CPU.Build.0 = Debug|Any CPU
		{08850F3B-D135-4E7C-8BD6-56FB182E5883}.Release|Any CPU.ActiveCfg = Release|Any CPU
		{08850F3B-D135-4E7C-8BD6-56FB182E5883}.Release|Any CPU.Build.0 = Release|Any CPU
		{7EC0CEBF-3EAB-41C0-AAC7-444063FE5E87}.Debug|Any CPU.ActiveCfg = Debug|Any CPU
		{7EC0CEBF-3EAB-41C0-AAC7-444063FE5E87}.Debug|Any CPU.Build.0 = Debug|Any CPU
		{7EC0CEBF-3EAB-41C0-AAC7-444063FE5E87}.Release|Any CPU.ActiveCfg = Release|Any CPU
		{7EC0CEBF-3EAB-41C0-AAC7-444063FE5E87}.Release|Any CPU.Build.0 = Release|Any CPU
	EndGlobalSection
	GlobalSection(SolutionProperties) = preSolution
		HideSolutionNode = FALSE
	EndGlobalSection
EndGlobal
